
Microsoft Visual Studio Solution File, Format Version 12.00
# Visual Studio Version 16
VisualStudioVersion = 16.0.32901.82
MinimumVisualStudioVersion = 10.0.40219.1
Project("{8BC9CEB8-8B4A-11D0-8D11-00A0C91BC942}") = "求两个数二进制中不同位的个数", "求两个数二进制中不同位的个数\求两个数二进制中不同位的个数.vcxproj", "{A77C38CE-EB9A-4163-BCE8-F0371F908F45}"
EndProject
Global
	GlobalSection(SolutionConfigurationPlatforms) = preSolution
		Debug|x64 = Debug|x64
		Debug|x86 = Debug|x86
		Release|x64 = Release|x64
		Release|x86 = Release|x86
	EndGlobalSection
	GlobalSection(ProjectConfigurationPlatforms) = postSolution
		{A77C38CE-EB9A-4163-BCE8-F0371F908F45}.Debug|x64.ActiveCfg = Debug|x64
		{A77C38CE-EB9A-4163-BCE8-F0371F908F45}.Debug|x64.Build.0 = Debug|x64
		{A77C38CE-EB9A-4163-BCE8-F0371F908F45}.Debug|x86.ActiveCfg = Debug|Win32
		{A77C38CE-EB9A-4163-BCE8-F0371F908F45}.Debug|x86.Build.0 = Debug|Win32
		{A77C38CE-EB9A-4163-BCE8-F0371F908F45}.Release|x64.ActiveCfg = Release|x64
		{A77C38CE-EB9A-4163-BCE8-F0371F908F45}.Release|x64.Build.0 = Release|x64
		{A77C38CE-EB9A-4163-BCE8-F0371F908F45}.Release|x86.ActiveCfg = Release|Win32
		{A77C38CE-EB9A-4163-BCE8-F0371F908F45}.Release|x86.Build.0 = Release|Win32
	EndGlobalSection
	GlobalSection(SolutionProperties) = preSolution
		HideSolutionNode = FALSE
	EndGlobalSection
	GlobalSection(ExtensibilityGlobals) = postSolution
		SolutionGuid = {96E902E1-495B-491A-93A9-9021D0BC7D31}
	EndGlobalSection
EndGlobal
