
Microsoft Visual Studio Solution File, Format Version 12.00
# Visual Studio Version 16
VisualStudioVersion = 16.0.32901.82
MinimumVisualStudioVersion = 10.0.40219.1
Project("{8BC9CEB8-8B4A-11D0-8D11-00A0C91BC942}") = "指针的应用（进阶）（1）", "指针的应用（进阶）（1）\指针的应用（进阶）（1）.vcxproj", "{5334F6EB-9265-49C4-999A-52EAC2ADF421}"
EndProject
Global
	GlobalSection(SolutionConfigurationPlatforms) = preSolution
		Debug|x64 = Debug|x64
		Debug|x86 = Debug|x86
		Release|x64 = Release|x64
		Release|x86 = Release|x86
	EndGlobalSection
	GlobalSection(ProjectConfigurationPlatforms) = postSolution
		{5334F6EB-9265-49C4-999A-52EAC2ADF421}.Debug|x64.ActiveCfg = Debug|x64
		{5334F6EB-9265-49C4-999A-52EAC2ADF421}.Debug|x64.Build.0 = Debug|x64
		{5334F6EB-9265-49C4-999A-52EAC2ADF421}.Debug|x86.ActiveCfg = Debug|Win32
		{5334F6EB-9265-49C4-999A-52EAC2ADF421}.Debug|x86.Build.0 = Debug|Win32
		{5334F6EB-9265-49C4-999A-52EAC2ADF421}.Release|x64.ActiveCfg = Release|x64
		{5334F6EB-9265-49C4-999A-52EAC2ADF421}.Release|x64.Build.0 = Release|x64
		{5334F6EB-9265-49C4-999A-52EAC2ADF421}.Release|x86.ActiveCfg = Release|Win32
		{5334F6EB-9265-49C4-999A-52EAC2ADF421}.Release|x86.Build.0 = Release|Win32
	EndGlobalSection
	GlobalSection(SolutionProperties) = preSolution
		HideSolutionNode = FALSE
	EndGlobalSection
	GlobalSection(ExtensibilityGlobals) = postSolution
		SolutionGuid = {C9F118CC-26C3-41B1-814E-752A03707497}
	EndGlobalSection
EndGlobal
