
Microsoft Visual Studio Solution File, Format Version 12.00
# Visual Studio Version 16
VisualStudioVersion = 16.0.34601.136
MinimumVisualStudioVersion = 10.0.40219.1
Project("{8BC9CEB8-8B4A-11D0-8D11-00A0C91BC942}") = "数据结构—第三章", "数据结构—第三章\数据结构—第三章.vcxproj", "{10D2B73A-125B-45EE-B8E2-49A77C6CC19B}"
EndProject
Global
	GlobalSection(SolutionConfigurationPlatforms) = preSolution
		Debug|x64 = Debug|x64
		Debug|x86 = Debug|x86
		Release|x64 = Release|x64
		Release|x86 = Release|x86
	EndGlobalSection
	GlobalSection(ProjectConfigurationPlatforms) = postSolution
		{10D2B73A-125B-45EE-B8E2-49A77C6CC19B}.Debug|x64.ActiveCfg = Debug|x64
		{10D2B73A-125B-45EE-B8E2-49A77C6CC19B}.Debug|x64.Build.0 = Debug|x64
		{10D2B73A-125B-45EE-B8E2-49A77C6CC19B}.Debug|x86.ActiveCfg = Debug|Win32
		{10D2B73A-125B-45EE-B8E2-49A77C6CC19B}.Debug|x86.Build.0 = Debug|Win32
		{10D2B73A-125B-45EE-B8E2-49A77C6CC19B}.Release|x64.ActiveCfg = Release|x64
		{10D2B73A-125B-45EE-B8E2-49A77C6CC19B}.Release|x64.Build.0 = Release|x64
		{10D2B73A-125B-45EE-B8E2-49A77C6CC19B}.Release|x86.ActiveCfg = Release|Win32
		{10D2B73A-125B-45EE-B8E2-49A77C6CC19B}.Release|x86.Build.0 = Release|Win32
	EndGlobalSection
	GlobalSection(SolutionProperties) = preSolution
		HideSolutionNode = FALSE
	EndGlobalSection
	GlobalSection(ExtensibilityGlobals) = postSolution
		SolutionGuid = {A5A4247C-754A-4D81-8805-AA9F6151DCC9}
	EndGlobalSection
EndGlobal
