
Microsoft Visual Studio Solution File, Format Version 12.00
# Visual Studio Version 16
VisualStudioVersion = 16.0.33529.622
MinimumVisualStudioVersion = 10.0.40219.1
Project("{8BC9CEB8-8B4A-11D0-8D11-00A0C91BC942}") = "顺序表", "顺序表\顺序表.vcxproj", "{200444F2-CD52-4286-A5B4-BBE391DBA64F}"
EndProject
Global
	GlobalSection(SolutionConfigurationPlatforms) = preSolution
		Debug|x64 = Debug|x64
		Debug|x86 = Debug|x86
		Release|x64 = Release|x64
		Release|x86 = Release|x86
	EndGlobalSection
	GlobalSection(ProjectConfigurationPlatforms) = postSolution
		{200444F2-CD52-4286-A5B4-BBE391DBA64F}.Debug|x64.ActiveCfg = Debug|x64
		{200444F2-CD52-4286-A5B4-BBE391DBA64F}.Debug|x64.Build.0 = Debug|x64
		{200444F2-CD52-4286-A5B4-BBE391DBA64F}.Debug|x86.ActiveCfg = Debug|Win32
		{200444F2-CD52-4286-A5B4-BBE391DBA64F}.Debug|x86.Build.0 = Debug|Win32
		{200444F2-CD52-4286-A5B4-BBE391DBA64F}.Release|x64.ActiveCfg = Release|x64
		{200444F2-CD52-4286-A5B4-BBE391DBA64F}.Release|x64.Build.0 = Release|x64
		{200444F2-CD52-4286-A5B4-BBE391DBA64F}.Release|x86.ActiveCfg = Release|Win32
		{200444F2-CD52-4286-A5B4-BBE391DBA64F}.Release|x86.Build.0 = Release|Win32
	EndGlobalSection
	GlobalSection(SolutionProperties) = preSolution
		HideSolutionNode = FALSE
	EndGlobalSection
	GlobalSection(ExtensibilityGlobals) = postSolution
		SolutionGuid = {3D013C93-90A4-470F-A421-4FC6A20D7D2D}
	EndGlobalSection
EndGlobal
