
Microsoft Visual Studio Solution File, Format Version 12.00
# Visual Studio Version 16
VisualStudioVersion = 16.0.32901.82
MinimumVisualStudioVersion = 10.0.40219.1
Project("{8BC9CEB8-8B4A-11D0-8D11-00A0C91BC942}") = "自定义类型", "自定义类型\自定义类型.vcxproj", "{275EA939-C98E-4DDD-B15F-8751ECFBF739}"
EndProject
Global
	GlobalSection(SolutionConfigurationPlatforms) = preSolution
		Debug|x64 = Debug|x64
		Debug|x86 = Debug|x86
		Release|x64 = Release|x64
		Release|x86 = Release|x86
	EndGlobalSection
	GlobalSection(ProjectConfigurationPlatforms) = postSolution
		{275EA939-C98E-4DDD-B15F-8751ECFBF739}.Debug|x64.ActiveCfg = Debug|x64
		{275EA939-C98E-4DDD-B15F-8751ECFBF739}.Debug|x64.Build.0 = Debug|x64
		{275EA939-C98E-4DDD-B15F-8751ECFBF739}.Debug|x86.ActiveCfg = Debug|Win32
		{275EA939-C98E-4DDD-B15F-8751ECFBF739}.Debug|x86.Build.0 = Debug|Win32
		{275EA939-C98E-4DDD-B15F-8751ECFBF739}.Release|x64.ActiveCfg = Release|x64
		{275EA939-C98E-4DDD-B15F-8751ECFBF739}.Release|x64.Build.0 = Release|x64
		{275EA939-C98E-4DDD-B15F-8751ECFBF739}.Release|x86.ActiveCfg = Release|Win32
		{275EA939-C98E-4DDD-B15F-8751ECFBF739}.Release|x86.Build.0 = Release|Win32
	EndGlobalSection
	GlobalSection(SolutionProperties) = preSolution
		HideSolutionNode = FALSE
	EndGlobalSection
	GlobalSection(ExtensibilityGlobals) = postSolution
		SolutionGuid = {633DC31C-7FE9-4BA7-B7B4-BC39B1BB47AD}
	EndGlobalSection
EndGlobal
