
Microsoft Visual Studio Solution File, Format Version 12.00
# Visual Studio Version 16
VisualStudioVersion = 16.0.32901.82
MinimumVisualStudioVersion = 10.0.40219.1
Project("{8BC9CEB8-8B4A-11D0-8D11-00A0C91BC942}") = "猜凶手", "猜凶手\猜凶手.vcxproj", "{F47F0742-BD20-4B42-B13D-A3ED8E2872E0}"
EndProject
Global
	GlobalSection(SolutionConfigurationPlatforms) = preSolution
		Debug|x64 = Debug|x64
		Debug|x86 = Debug|x86
		Release|x64 = Release|x64
		Release|x86 = Release|x86
	EndGlobalSection
	GlobalSection(ProjectConfigurationPlatforms) = postSolution
		{F47F0742-BD20-4B42-B13D-A3ED8E2872E0}.Debug|x64.ActiveCfg = Debug|x64
		{F47F0742-BD20-4B42-B13D-A3ED8E2872E0}.Debug|x64.Build.0 = Debug|x64
		{F47F0742-BD20-4B42-B13D-A3ED8E2872E0}.Debug|x86.ActiveCfg = Debug|Win32
		{F47F0742-BD20-4B42-B13D-A3ED8E2872E0}.Debug|x86.Build.0 = Debug|Win32
		{F47F0742-BD20-4B42-B13D-A3ED8E2872E0}.Release|x64.ActiveCfg = Release|x64
		{F47F0742-BD20-4B42-B13D-A3ED8E2872E0}.Release|x64.Build.0 = Release|x64
		{F47F0742-BD20-4B42-B13D-A3ED8E2872E0}.Release|x86.ActiveCfg = Release|Win32
		{F47F0742-BD20-4B42-B13D-A3ED8E2872E0}.Release|x86.Build.0 = Release|Win32
	EndGlobalSection
	GlobalSection(SolutionProperties) = preSolution
		HideSolutionNode = FALSE
	EndGlobalSection
	GlobalSection(ExtensibilityGlobals) = postSolution
		SolutionGuid = {141B13AC-1286-489B-9CF7-0B95409FEFC9}
	EndGlobalSection
EndGlobal
